// !$*UTF8*$!
{
	archiveVersion = 1;
	classes = {
	};
	objectVersion = 50;
	objects = {

/* Begin PBXBuildFile section */
		172D05082198481100B4A22F /* LoginViewController.swift in Sources */ = {isa = PBXBuildFile; fileRef = 172D05072198481100B4A22F /* LoginViewController.swift */; };
		172D050A21984EE100B4A22F /* Switcher.swift in Sources */ = {isa = PBXBuildFile; fileRef = 172D050921984EE100B4A22F /* Switcher.swift */; };
		1765F48F2181B75A00AF306E /* AppDelegate.swift in Sources */ = {isa = PBXBuildFile; fileRef = 1765F48E2181B75A00AF306E /* AppDelegate.swift */; };
		1765F4962181B75A00AF306E /* Main.storyboard in Resources */ = {isa = PBXBuildFile; fileRef = 1765F4942181B75A00AF306E /* Main.storyboard */; };
		1765F4982181B75B00AF306E /* Assets.xcassets in Resources */ = {isa = PBXBuildFile; fileRef = 1765F4972181B75B00AF306E /* Assets.xcassets */; };
		1765F49B2181B75B00AF306E /* LaunchScreen.storyboard in Resources */ = {isa = PBXBuildFile; fileRef = 1765F4992181B75B00AF306E /* LaunchScreen.storyboard */; };
		1795CA0921A822740001FEF8 /* ChoiceTableViewCell.swift in Sources */ = {isa = PBXBuildFile; fileRef = 1795CA0821A822740001FEF8 /* ChoiceTableViewCell.swift */; };
		1795CA1121AA1E4B0001FEF8 /* toolFunction.swift in Sources */ = {isa = PBXBuildFile; fileRef = 1795CA1021AA1E4B0001FEF8 /* toolFunction.swift */; };
		1795CA1321AA2B930001FEF8 /* NormalModeConfigurationViewController.swift in Sources */ = {isa = PBXBuildFile; fileRef = 1795CA1221AA2B930001FEF8 /* NormalModeConfigurationViewController.swift */; };
		17D4BCF8219A31B500792836 /* SettingTableViewController.swift in Sources */ = {isa = PBXBuildFile; fileRef = 17D4BCF7219A31B500792836 /* SettingTableViewController.swift */; };
		17FD513E219F2C8C00E6E666 /* ChannelSettingTableViewController.swift in Sources */ = {isa = PBXBuildFile; fileRef = 17FD513D219F2C8C00E6E666 /* ChannelSettingTableViewController.swift */; };
		17FD514021A5C65E00E6E666 /* AdvancedModeChannelConfigurationViewController.swift in Sources */ = {isa = PBXBuildFile; fileRef = 17FD513F21A5C65E00E6E666 /* AdvancedModeChannelConfigurationViewController.swift */; };
		17FD514221A614DB00E6E666 /* ChannelDeleteAnsModifyViewController.swift in Sources */ = {isa = PBXBuildFile; fileRef = 17FD514121A614DB00E6E666 /* ChannelDeleteAnsModifyViewController.swift */; };
		D517FEE1BA3AB3151D27E8CA /* Pods_myHouse.framework in Frameworks */ = {isa = PBXBuildFile; fileRef = 6F41E34DC36E4E3E6BDBC2D6 /* Pods_myHouse.framework */; };
		DA83DBCA2196D26B00B8CCF9 /* DeviceCellViewController.swift in Sources */ = {isa = PBXBuildFile; fileRef = DA83DBC92196D26B00B8CCF9 /* DeviceCellViewController.swift */; };
		DA83DBCC2196D46400B8CCF9 /* DeviceCollectionViewController.swift in Sources */ = {isa = PBXBuildFile; fileRef = DA83DBCB2196D46400B8CCF9 /* DeviceCollectionViewController.swift */; };
		DA97A6842197433100FFB432 /* Application.swift in Sources */ = {isa = PBXBuildFile; fileRef = DA97A6832197433100FFB432 /* Application.swift */; };
		DAB56C8E2196F41900C07137 /* MapViewController.swift in Sources */ = {isa = PBXBuildFile; fileRef = 1765F4922181B75A00AF306E /* MapViewController.swift */; };
		ED065F25219F4A79003879A6 /* DeviceSettingsTableViewController.swift in Sources */ = {isa = PBXBuildFile; fileRef = ED065F24219F4A79003879A6 /* DeviceSettingsTableViewController.swift */; };
		ED08BD71219C775400D3A18A /* Extensions.swift in Sources */ = {isa = PBXBuildFile; fileRef = ED08BD70219C775400D3A18A /* Extensions.swift */; };
		ED0D1E19219EE98300C1312D /* DevicesListSettingTableViewController.swift in Sources */ = {isa = PBXBuildFile; fileRef = ED0D1E18219EE98300C1312D /* DevicesListSettingTableViewController.swift */; };
		ED4BF1F6219DC5C400EF6FF8 /* DateValueFormatter.swift in Sources */ = {isa = PBXBuildFile; fileRef = ED4BF1F5219DC5C400EF6FF8 /* DateValueFormatter.swift */; };
		ED5D42D721998F0E0026D73E /* DeviceDetailsViewController.swift in Sources */ = {isa = PBXBuildFile; fileRef = ED5D42D621998F0E0026D73E /* DeviceDetailsViewController.swift */; };
		EDFD71F3218B37B800E89BAB /* Device.swift in Sources */ = {isa = PBXBuildFile; fileRef = EDFD71F2218B37B800E89BAB /* Device.swift */; };
/* End PBXBuildFile section */

/* Begin PBXFileReference section */
		172D05072198481100B4A22F /* LoginViewController.swift */ = {isa = PBXFileReference; lastKnownFileType = sourcecode.swift; path = LoginViewController.swift; sourceTree = "<group>"; };
		172D050921984EE100B4A22F /* Switcher.swift */ = {isa = PBXFileReference; lastKnownFileType = sourcecode.swift; path = Switcher.swift; sourceTree = "<group>"; };
		1765F48B2181B75A00AF306E /* myHouse.app */ = {isa = PBXFileReference; explicitFileType = wrapper.application; includeInIndex = 0; path = myHouse.app; sourceTree = BUILT_PRODUCTS_DIR; };
		1765F48E2181B75A00AF306E /* AppDelegate.swift */ = {isa = PBXFileReference; lastKnownFileType = sourcecode.swift; path = AppDelegate.swift; sourceTree = "<group>"; };
		1765F4922181B75A00AF306E /* MapViewController.swift */ = {isa = PBXFileReference; lastKnownFileType = sourcecode.swift; path = MapViewController.swift; sourceTree = "<group>"; };
		1765F4952181B75A00AF306E /* Base */ = {isa = PBXFileReference; lastKnownFileType = file.storyboard; name = Base; path = Base.lproj/Main.storyboard; sourceTree = "<group>"; };
		1765F4972181B75B00AF306E /* Assets.xcassets */ = {isa = PBXFileReference; lastKnownFileType = folder.assetcatalog; path = Assets.xcassets; sourceTree = "<group>"; };
		1765F49A2181B75B00AF306E /* Base */ = {isa = PBXFileReference; lastKnownFileType = file.storyboard; name = Base; path = Base.lproj/LaunchScreen.storyboard; sourceTree = "<group>"; };
		1765F49C2181B75B00AF306E /* Info.plist */ = {isa = PBXFileReference; lastKnownFileType = text.plist.xml; path = Info.plist; sourceTree = "<group>"; };
		1795CA0821A822740001FEF8 /* ChoiceTableViewCell.swift */ = {isa = PBXFileReference; lastKnownFileType = sourcecode.swift; path = ChoiceTableViewCell.swift; sourceTree = "<group>"; };
		1795CA1021AA1E4B0001FEF8 /* toolFunction.swift */ = {isa = PBXFileReference; lastKnownFileType = sourcecode.swift; name = toolFunction.swift; path = myHouse/Tools/toolFunction.swift; sourceTree = SOURCE_ROOT; };
		1795CA1221AA2B930001FEF8 /* NormalModeConfigurationViewController.swift */ = {isa = PBXFileReference; lastKnownFileType = sourcecode.swift; path = NormalModeConfigurationViewController.swift; sourceTree = "<group>"; };
		17D4BCF7219A31B500792836 /* SettingTableViewController.swift */ = {isa = PBXFileReference; lastKnownFileType = sourcecode.swift; path = SettingTableViewController.swift; sourceTree = "<group>"; };
		17FD513D219F2C8C00E6E666 /* ChannelSettingTableViewController.swift */ = {isa = PBXFileReference; lastKnownFileType = sourcecode.swift; name = ChannelSettingTableViewController.swift; path = myHouse/Controllers/ChannelSettingTableViewController.swift; sourceTree = SOURCE_ROOT; };
		17FD513F21A5C65E00E6E666 /* AdvancedModeChannelConfigurationViewController.swift */ = {isa = PBXFileReference; lastKnownFileType = sourcecode.swift; name = AdvancedModeChannelConfigurationViewController.swift; path = myHouse/Controllers/AdvancedModeChannelConfigurationViewController.swift; sourceTree = SOURCE_ROOT; };
		17FD514121A614DB00E6E666 /* ChannelDeleteAnsModifyViewController.swift */ = {isa = PBXFileReference; lastKnownFileType = sourcecode.swift; name = ChannelDeleteAnsModifyViewController.swift; path = myHouse/Controllers/ChannelDeleteAnsModifyViewController.swift; sourceTree = SOURCE_ROOT; };
		3E7578DD35477F8B271C5666 /* Pods-myHouse.debug.xcconfig */ = {isa = PBXFileReference; includeInIndex = 1; lastKnownFileType = text.xcconfig; name = "Pods-myHouse.debug.xcconfig"; path = "Pods/Target Support Files/Pods-myHouse/Pods-myHouse.debug.xcconfig"; sourceTree = "<group>"; };
		6F41E34DC36E4E3E6BDBC2D6 /* Pods_myHouse.framework */ = {isa = PBXFileReference; explicitFileType = wrapper.framework; includeInIndex = 0; path = Pods_myHouse.framework; sourceTree = BUILT_PRODUCTS_DIR; };
		D71441577A155FF855541DCA /* Pods-myHouse.release.xcconfig */ = {isa = PBXFileReference; includeInIndex = 1; lastKnownFileType = text.xcconfig; name = "Pods-myHouse.release.xcconfig"; path = "Pods/Target Support Files/Pods-myHouse/Pods-myHouse.release.xcconfig"; sourceTree = "<group>"; };
		DA83DBC92196D26B00B8CCF9 /* DeviceCellViewController.swift */ = {isa = PBXFileReference; lastKnownFileType = sourcecode.swift; path = DeviceCellViewController.swift; sourceTree = "<group>"; };
		DA83DBCB2196D46400B8CCF9 /* DeviceCollectionViewController.swift */ = {isa = PBXFileReference; lastKnownFileType = sourcecode.swift; path = DeviceCollectionViewController.swift; sourceTree = "<group>"; };
		DA97A6832197433100FFB432 /* Application.swift */ = {isa = PBXFileReference; lastKnownFileType = sourcecode.swift; path = Application.swift; sourceTree = "<group>"; };
		ED065F24219F4A79003879A6 /* DeviceSettingsTableViewController.swift */ = {isa = PBXFileReference; lastKnownFileType = sourcecode.swift; path = DeviceSettingsTableViewController.swift; sourceTree = "<group>"; };
		ED08BD70219C775400D3A18A /* Extensions.swift */ = {isa = PBXFileReference; lastKnownFileType = sourcecode.swift; path = Extensions.swift; sourceTree = "<group>"; };
		ED0D1E18219EE98300C1312D /* DevicesListSettingTableViewController.swift */ = {isa = PBXFileReference; lastKnownFileType = sourcecode.swift; path = DevicesListSettingTableViewController.swift; sourceTree = "<group>"; };
		ED4BF1F5219DC5C400EF6FF8 /* DateValueFormatter.swift */ = {isa = PBXFileReference; lastKnownFileType = sourcecode.swift; path = DateValueFormatter.swift; sourceTree = "<group>"; };
		ED5D42D621998F0E0026D73E /* DeviceDetailsViewController.swift */ = {isa = PBXFileReference; lastKnownFileType = sourcecode.swift; path = DeviceDetailsViewController.swift; sourceTree = "<group>"; };
		EDFD71F2218B37B800E89BAB /* Device.swift */ = {isa = PBXFileReference; lastKnownFileType = sourcecode.swift; path = Device.swift; sourceTree = "<group>"; };
/* End PBXFileReference section */

/* Begin PBXFrameworksBuildPhase section */
		1765F4882181B75A00AF306E /* Frameworks */ = {
			isa = PBXFrameworksBuildPhase;
			buildActionMask = 2147483647;
			files = (
				D517FEE1BA3AB3151D27E8CA /* Pods_myHouse.framework in Frameworks */,
			);
			runOnlyForDeploymentPostprocessing = 0;
		};
/* End PBXFrameworksBuildPhase section */

/* Begin PBXGroup section */
		1765F4822181B75A00AF306E = {
			isa = PBXGroup;
			children = (
				1765F48D2181B75A00AF306E /* myHouse */,
				1765F48C2181B75A00AF306E /* Products */,
				512B1CCAA7104ABDD6605DBE /* Pods */,
				B187252E05EB933E2FFB458E /* Frameworks */,
			);
			sourceTree = "<group>";
		};
		1765F48C2181B75A00AF306E /* Products */ = {
			isa = PBXGroup;
			children = (
				1765F48B2181B75A00AF306E /* myHouse.app */,
			);
			name = Products;
			sourceTree = "<group>";
		};
		1765F48D2181B75A00AF306E /* myHouse */ = {
			isa = PBXGroup;
			children = (
				ED0D1E17219EE5E600C1312D /* Controllers */,
				ED0D1E15219EE5A100C1312D /* Views */,
				ED0D1E14219EE55600C1312D /* Tools */,
				ED0D1E13219EE45C00C1312D /* Model */,
				1765F49C2181B75B00AF306E /* Info.plist */,
			);
			path = myHouse;
			sourceTree = "<group>";
		};
		512B1CCAA7104ABDD6605DBE /* Pods */ = {
			isa = PBXGroup;
			children = (
				3E7578DD35477F8B271C5666 /* Pods-myHouse.debug.xcconfig */,
				D71441577A155FF855541DCA /* Pods-myHouse.release.xcconfig */,
			);
			name = Pods;
			sourceTree = "<group>";
		};
		B187252E05EB933E2FFB458E /* Frameworks */ = {
			isa = PBXGroup;
			children = (
				6F41E34DC36E4E3E6BDBC2D6 /* Pods_myHouse.framework */,
			);
			name = Frameworks;
			sourceTree = "<group>";
		};
		ED0D1E13219EE45C00C1312D /* Model */ = {
			isa = PBXGroup;
			children = (
				EDFD71F2218B37B800E89BAB /* Device.swift */,
				DA97A6832197433100FFB432 /* Application.swift */,
			);
			path = Model;
			sourceTree = "<group>";
		};
		ED0D1E14219EE55600C1312D /* Tools */ = {
			isa = PBXGroup;
			children = (
				ED08BD70219C775400D3A18A /* Extensions.swift */,
				1795CA1021AA1E4B0001FEF8 /* toolFunction.swift */,
				ED4BF1F5219DC5C400EF6FF8 /* DateValueFormatter.swift */,
				172D050921984EE100B4A22F /* Switcher.swift */,
				1765F48E2181B75A00AF306E /* AppDelegate.swift */,
			);
			path = Tools;
			sourceTree = "<group>";
		};
		ED0D1E15219EE5A100C1312D /* Views */ = {
			isa = PBXGroup;
			children = (
				1765F4942181B75A00AF306E /* Main.storyboard */,
				1765F4992181B75B00AF306E /* LaunchScreen.storyboard */,
				1765F4972181B75B00AF306E /* Assets.xcassets */,
			);
			path = Views;
			sourceTree = "<group>";
		};
		ED0D1E17219EE5E600C1312D /* Controllers */ = {
			isa = PBXGroup;
			children = (
				1795CA1221AA2B930001FEF8 /* NormalModeConfigurationViewController.swift */,
				172D05072198481100B4A22F /* LoginViewController.swift */,
				DA83DBCB2196D46400B8CCF9 /* DeviceCollectionViewController.swift */,
				DA83DBC92196D26B00B8CCF9 /* DeviceCellViewController.swift */,
				1765F4922181B75A00AF306E /* MapViewController.swift */,
				17D4BCF7219A31B500792836 /* SettingTableViewController.swift */,
				ED5D42D621998F0E0026D73E /* DeviceDetailsViewController.swift */,
				17FD513D219F2C8C00E6E666 /* ChannelSettingTableViewController.swift */,
				1795CA0821A822740001FEF8 /* ChoiceTableViewCell.swift */,
				17FD514121A614DB00E6E666 /* ChannelDeleteAnsModifyViewController.swift */,
				17FD513F21A5C65E00E6E666 /* AdvancedModeChannelConfigurationViewController.swift */,
				ED0D1E18219EE98300C1312D /* DevicesListSettingTableViewController.swift */,
				ED065F24219F4A79003879A6 /* DeviceSettingsTableViewController.swift */,
			);
			path = Controllers;
			sourceTree = "<group>";
		};
/* End PBXGroup section */

/* Begin PBXNativeTarget section */
		1765F48A2181B75A00AF306E /* myHouse */ = {
			isa = PBXNativeTarget;
			buildConfigurationList = 1765F49F2181B75B00AF306E /* Build configuration list for PBXNativeTarget "myHouse" */;
			buildPhases = (
				86E0B76C827C420EDC8B664B /* [CP] Check Pods Manifest.lock */,
				1765F4872181B75A00AF306E /* Sources */,
				1765F4882181B75A00AF306E /* Frameworks */,
				1765F4892181B75A00AF306E /* Resources */,
				F4E14AF94D154B457C6DAF71 /* [CP] Embed Pods Frameworks */,
			);
			buildRules = (
			);
			dependencies = (
			);
			name = myHouse;
			productName = myHouse;
			productReference = 1765F48B2181B75A00AF306E /* myHouse.app */;
			productType = "com.apple.product-type.application";
		};
/* End PBXNativeTarget section */

/* Begin PBXProject section */
		1765F4832181B75A00AF306E /* Project object */ = {
			isa = PBXProject;
			attributes = {
				LastSwiftUpdateCheck = 1000;
				LastUpgradeCheck = 1010;
				ORGANIZATIONNAME = fr.myHouse;
				TargetAttributes = {
					1765F48A2181B75A00AF306E = {
						CreatedOnToolsVersion = 10.0;
					};
				};
			};
			buildConfigurationList = 1765F4862181B75A00AF306E /* Build configuration list for PBXProject "myHouse" */;
			compatibilityVersion = "Xcode 9.3";
			developmentRegion = en;
			hasScannedForEncodings = 0;
			knownRegions = (
				en,
				Base,
			);
			mainGroup = 1765F4822181B75A00AF306E;
			productRefGroup = 1765F48C2181B75A00AF306E /* Products */;
			projectDirPath = "";
			projectRoot = "";
			targets = (
				1765F48A2181B75A00AF306E /* myHouse */,
			);
		};
/* End PBXProject section */

/* Begin PBXResourcesBuildPhase section */
		1765F4892181B75A00AF306E /* Resources */ = {
			isa = PBXResourcesBuildPhase;
			buildActionMask = 2147483647;
			files = (
				1765F49B2181B75B00AF306E /* LaunchScreen.storyboard in Resources */,
				1765F4982181B75B00AF306E /* Assets.xcassets in Resources */,
				1765F4962181B75A00AF306E /* Main.storyboard in Resources */,
			);
			runOnlyForDeploymentPostprocessing = 0;
		};
/* End PBXResourcesBuildPhase section */

/* Begin PBXShellScriptBuildPhase section */
		86E0B76C827C420EDC8B664B /* [CP] Check Pods Manifest.lock */ = {
			isa = PBXShellScriptBuildPhase;
			buildActionMask = 2147483647;
			files = (
			);
			inputFileListPaths = (
			);
			inputPaths = (
				"${PODS_PODFILE_DIR_PATH}/Podfile.lock",
				"${PODS_ROOT}/Manifest.lock",
			);
			name = "[CP] Check Pods Manifest.lock";
			outputFileListPaths = (
			);
			outputPaths = (
				"$(DERIVED_FILE_DIR)/Pods-myHouse-checkManifestLockResult.txt",
			);
			runOnlyForDeploymentPostprocessing = 0;
			shellPath = /bin/sh;
			shellScript = "diff \"${PODS_PODFILE_DIR_PATH}/Podfile.lock\" \"${PODS_ROOT}/Manifest.lock\" > /dev/null\nif [ $? != 0 ] ; then\n    # print error to STDERR\n    echo \"error: The sandbox is not in sync with the Podfile.lock. Run 'pod install' or update your CocoaPods installation.\" >&2\n    exit 1\nfi\n# This output is used by Xcode 'outputs' to avoid re-running this script phase.\necho \"SUCCESS\" > \"${SCRIPT_OUTPUT_FILE_0}\"\n";
			showEnvVarsInLog = 0;
		};
		F4E14AF94D154B457C6DAF71 /* [CP] Embed Pods Frameworks */ = {
			isa = PBXShellScriptBuildPhase;
			buildActionMask = 2147483647;
			files = (
			);
			inputFileListPaths = (
			);
			inputPaths = (
				"${SRCROOT}/Pods/Target Support Files/Pods-myHouse/Pods-myHouse-frameworks.sh",
				"${BUILT_PRODUCTS_DIR}/Alamofire/Alamofire.framework",
				"${BUILT_PRODUCTS_DIR}/Charts/Charts.framework",
				"${BUILT_PRODUCTS_DIR}/SwiftyJSON/SwiftyJSON.framework",
			);
			name = "[CP] Embed Pods Frameworks";
			outputFileListPaths = (
			);
			outputPaths = (
				"${TARGET_BUILD_DIR}/${FRAMEWORKS_FOLDER_PATH}/Alamofire.framework",
				"${TARGET_BUILD_DIR}/${FRAMEWORKS_FOLDER_PATH}/Charts.framework",
				"${TARGET_BUILD_DIR}/${FRAMEWORKS_FOLDER_PATH}/SwiftyJSON.framework",
			);
			runOnlyForDeploymentPostprocessing = 0;
			shellPath = /bin/sh;
			shellScript = "\"${SRCROOT}/Pods/Target Support Files/Pods-myHouse/Pods-myHouse-frameworks.sh\"\n";
			showEnvVarsInLog = 0;
		};
/* End PBXShellScriptBuildPhase section */

/* Begin PBXSourcesBuildPhase section */
		1765F4872181B75A00AF306E /* Sources */ = {
			isa = PBXSourcesBuildPhase;
			buildActionMask = 2147483647;
			files = (
				DAB56C8E2196F41900C07137 /* MapViewController.swift in Sources */,
				ED0D1E19219EE98300C1312D /* DevicesListSettingTableViewController.swift in Sources */,
				1765F48F2181B75A00AF306E /* AppDelegate.swift in Sources */,
				1795CA1321AA2B930001FEF8 /* NormalModeConfigurationViewController.swift in Sources */,
				17FD514021A5C65E00E6E666 /* AdvancedModeChannelConfigurationViewController.swift in Sources */,
				ED4BF1F6219DC5C400EF6FF8 /* DateValueFormatter.swift in Sources */,
				172D050A21984EE100B4A22F /* Switcher.swift in Sources */,
				17FD514221A614DB00E6E666 /* ChannelDeleteAnsModifyViewController.swift in Sources */,
				17D4BCF8219A31B500792836 /* SettingTableViewController.swift in Sources */,
				172D05082198481100B4A22F /* LoginViewController.swift in Sources */,
				DA83DBCA2196D26B00B8CCF9 /* DeviceCellViewController.swift in Sources */,
				1795CA0921A822740001FEF8 /* ChoiceTableViewCell.swift in Sources */,
				ED065F25219F4A79003879A6 /* DeviceSettingsTableViewController.swift in Sources */,
				17FD513E219F2C8C00E6E666 /* ChannelSettingTableViewController.swift in Sources */,
				DA97A6842197433100FFB432 /* Application.swift in Sources */,
				EDFD71F3218B37B800E89BAB /* Device.swift in Sources */,
				DA83DBCC2196D46400B8CCF9 /* DeviceCollectionViewController.swift in Sources */,
				ED08BD71219C775400D3A18A /* Extensions.swift in Sources */,
				ED5D42D721998F0E0026D73E /* DeviceDetailsViewController.swift in Sources */,
				1795CA1121AA1E4B0001FEF8 /* toolFunction.swift in Sources */,
			);
			runOnlyForDeploymentPostprocessing = 0;
		};
/* End PBXSourcesBuildPhase section */

/* Begin PBXVariantGroup section */
		1765F4942181B75A00AF306E /* Main.storyboard */ = {
			isa = PBXVariantGroup;
			children = (
				1765F4952181B75A00AF306E /* Base */,
			);
			name = Main.storyboard;
			sourceTree = "<group>";
		};
		1765F4992181B75B00AF306E /* LaunchScreen.storyboard */ = {
			isa = PBXVariantGroup;
			children = (
				1765F49A2181B75B00AF306E /* Base */,
			);
			name = LaunchScreen.storyboard;
			sourceTree = "<group>";
		};
/* End PBXVariantGroup section */

/* Begin XCBuildConfiguration section */
		1765F49D2181B75B00AF306E /* Debug */ = {
			isa = XCBuildConfiguration;
			buildSettings = {
				ALWAYS_SEARCH_USER_PATHS = NO;
				CLANG_ANALYZER_NONNULL = YES;
				CLANG_ANALYZER_NUMBER_OBJECT_CONVERSION = YES_AGGRESSIVE;
				CLANG_CXX_LANGUAGE_STANDARD = "gnu++14";
				CLANG_CXX_LIBRARY = "libc++";
				CLANG_ENABLE_MODULES = YES;
				CLANG_ENABLE_OBJC_ARC = YES;
				CLANG_ENABLE_OBJC_WEAK = YES;
				CLANG_WARN_BLOCK_CAPTURE_AUTORELEASING = YES;
				CLANG_WARN_BOOL_CONVERSION = YES;
				CLANG_WARN_COMMA = YES;
				CLANG_WARN_CONSTANT_CONVERSION = YES;
				CLANG_WARN_DEPRECATED_OBJC_IMPLEMENTATIONS = YES;
				CLANG_WARN_DIRECT_OBJC_ISA_USAGE = YES_ERROR;
				CLANG_WARN_DOCUMENTATION_COMMENTS = YES;
				CLANG_WARN_EMPTY_BODY = YES;
				CLANG_WARN_ENUM_CONVERSION = YES;
				CLANG_WARN_INFINITE_RECURSION = YES;
				CLANG_WARN_INT_CONVERSION = YES;
				CLANG_WARN_NON_LITERAL_NULL_CONVERSION = YES;
				CLANG_WARN_OBJC_IMPLICIT_RETAIN_SELF = YES;
				CLANG_WARN_OBJC_LITERAL_CONVERSION = YES;
				CLANG_WARN_OBJC_ROOT_CLASS = YES_ERROR;
				CLANG_WARN_RANGE_LOOP_ANALYSIS = YES;
				CLANG_WARN_STRICT_PROTOTYPES = YES;
				CLANG_WARN_SUSPICIOUS_MOVE = YES;
				CLANG_WARN_UNGUARDED_AVAILABILITY = YES_AGGRESSIVE;
				CLANG_WARN_UNREACHABLE_CODE = YES;
				CLANG_WARN__DUPLICATE_METHOD_MATCH = YES;
				CODE_SIGN_IDENTITY = "iPhone Developer";
				COPY_PHASE_STRIP = NO;
				DEBUG_INFORMATION_FORMAT = dwarf;
				ENABLE_STRICT_OBJC_MSGSEND = YES;
				ENABLE_TESTABILITY = YES;
				GCC_C_LANGUAGE_STANDARD = gnu11;
				GCC_DYNAMIC_NO_PIC = NO;
				GCC_NO_COMMON_BLOCKS = YES;
				GCC_OPTIMIZATION_LEVEL = 0;
				GCC_PREPROCESSOR_DEFINITIONS = (
					"DEBUG=1",
					"$(inherited)",
				);
				GCC_WARN_64_TO_32_BIT_CONVERSION = YES;
				GCC_WARN_ABOUT_RETURN_TYPE = YES_ERROR;
				GCC_WARN_UNDECLARED_SELECTOR = YES;
				GCC_WARN_UNINITIALIZED_AUTOS = YES_AGGRESSIVE;
				GCC_WARN_UNUSED_FUNCTION = YES;
				GCC_WARN_UNUSED_VARIABLE = YES;
				IPHONEOS_DEPLOYMENT_TARGET = 12.0;
				MTL_ENABLE_DEBUG_INFO = INCLUDE_SOURCE;
				MTL_FAST_MATH = YES;
				ONLY_ACTIVE_ARCH = YES;
				SDKROOT = iphoneos;
				SWIFT_ACTIVE_COMPILATION_CONDITIONS = DEBUG;
				SWIFT_OPTIMIZATION_LEVEL = "-Onone";
			};
			name = Debug;
		};
		1765F49E2181B75B00AF306E /* Release */ = {
			isa = XCBuildConfiguration;
			buildSettings = {
				ALWAYS_SEARCH_USER_PATHS = NO;
				CLANG_ANALYZER_NONNULL = YES;
				CLANG_ANALYZER_NUMBER_OBJECT_CONVERSION = YES_AGGRESSIVE;
				CLANG_CXX_LANGUAGE_STANDARD = "gnu++14";
				CLANG_CXX_LIBRARY = "libc++";
				CLANG_ENABLE_MODULES = YES;
				CLANG_ENABLE_OBJC_ARC = YES;
				CLANG_ENABLE_OBJC_WEAK = YES;
				CLANG_WARN_BLOCK_CAPTURE_AUTORELEASING = YES;
				CLANG_WARN_BOOL_CONVERSION = YES;
				CLANG_WARN_COMMA = YES;
				CLANG_WARN_CONSTANT_CONVERSION = YES;
				CLANG_WARN_DEPRECATED_OBJC_IMPLEMENTATIONS = YES;
				CLANG_WARN_DIRECT_OBJC_ISA_USAGE = YES_ERROR;
				CLANG_WARN_DOCUMENTATION_COMMENTS = YES;
				CLANG_WARN_EMPTY_BODY = YES;
				CLANG_WARN_ENUM_CONVERSION = YES;
				CLANG_WARN_INFINITE_RECURSION = YES;
				CLANG_WARN_INT_CONVERSION = YES;
				CLANG_WARN_NON_LITERAL_NULL_CONVERSION = YES;
				CLANG_WARN_OBJC_IMPLICIT_RETAIN_SELF = YES;
				CLANG_WARN_OBJC_LITERAL_CONVERSION = YES;
				CLANG_WARN_OBJC_ROOT_CLASS = YES_ERROR;
				CLANG_WARN_RANGE_LOOP_ANALYSIS = YES;
				CLANG_WARN_STRICT_PROTOTYPES = YES;
				CLANG_WARN_SUSPICIOUS_MOVE = YES;
				CLANG_WARN_UNGUARDED_AVAILABILITY = YES_AGGRESSIVE;
				CLANG_WARN_UNREACHABLE_CODE = YES;
				CLANG_WARN__DUPLICATE_METHOD_MATCH = YES;
				CODE_SIGN_IDENTITY = "iPhone Developer";
				COPY_PHASE_STRIP = NO;
				DEBUG_INFORMATION_FORMAT = "dwarf-with-dsym";
				ENABLE_NS_ASSERTIONS = NO;
				ENABLE_STRICT_OBJC_MSGSEND = YES;
				GCC_C_LANGUAGE_STANDARD = gnu11;
				GCC_NO_COMMON_BLOCKS = YES;
				GCC_WARN_64_TO_32_BIT_CONVERSION = YES;
				GCC_WARN_ABOUT_RETURN_TYPE = YES_ERROR;
				GCC_WARN_UNDECLARED_SELECTOR = YES;
				GCC_WARN_UNINITIALIZED_AUTOS = YES_AGGRESSIVE;
				GCC_WARN_UNUSED_FUNCTION = YES;
				GCC_WARN_UNUSED_VARIABLE = YES;
				IPHONEOS_DEPLOYMENT_TARGET = 12.0;
				MTL_ENABLE_DEBUG_INFO = NO;
				MTL_FAST_MATH = YES;
				SDKROOT = iphoneos;
				SWIFT_COMPILATION_MODE = wholemodule;
				SWIFT_OPTIMIZATION_LEVEL = "-O";
				VALIDATE_PRODUCT = YES;
			};
			name = Release;
		};
		1765F4A02181B75B00AF306E /* Debug */ = {
			isa = XCBuildConfiguration;
			baseConfigurationReference = 3E7578DD35477F8B271C5666 /* Pods-myHouse.debug.xcconfig */;
			buildSettings = {
				ASSETCATALOG_COMPILER_APPICON_NAME = AppIcon;
				CODE_SIGN_STYLE = Automatic;
				DEVELOPMENT_TEAM = G6TSQJ6DQ5;
				INFOPLIST_FILE = myHouse/Info.plist;
				LD_RUNPATH_SEARCH_PATHS = (
					"$(inherited)",
					"@executable_path/Frameworks",
				);
				PRODUCT_BUNDLE_IDENTIFIER = "dtu-project.myHouse";
				PRODUCT_NAME = "$(TARGET_NAME)";
				SWIFT_VERSION = 4.2;
				TARGETED_DEVICE_FAMILY = "1,2";
			};
			name = Debug;
		};
		1765F4A12181B75B00AF306E /* Release */ = {
			isa = XCBuildConfiguration;
			baseConfigurationReference = D71441577A155FF855541DCA /* Pods-myHouse.release.xcconfig */;
			buildSettings = {
				ASSETCATALOG_COMPILER_APPICON_NAME = AppIcon;
				CODE_SIGN_STYLE = Automatic;
				DEVELOPMENT_TEAM = G6TSQJ6DQ5;
				INFOPLIST_FILE = myHouse/Info.plist;
				LD_RUNPATH_SEARCH_PATHS = (
					"$(inherited)",
					"@executable_path/Frameworks",
				);
				PRODUCT_BUNDLE_IDENTIFIER = "dtu-project.myHouse";
				PRODUCT_NAME = "$(TARGET_NAME)";
				SWIFT_VERSION = 4.2;
				TARGETED_DEVICE_FAMILY = "1,2";
			};
			name = Release;
		};
/* End XCBuildConfiguration section */

/* Begin XCConfigurationList section */
		1765F4862181B75A00AF306E /* Build configuration list for PBXProject "myHouse" */ = {
			isa = XCConfigurationList;
			buildConfigurations = (
				1765F49D2181B75B00AF306E /* Debug */,
				1765F49E2181B75B00AF306E /* Release */,
			);
			defaultConfigurationIsVisible = 0;
			defaultConfigurationName = Release;
		};
		1765F49F2181B75B00AF306E /* Build configuration list for PBXNativeTarget "myHouse" */ = {
			isa = XCConfigurationList;
			buildConfigurations = (
				1765F4A02181B75B00AF306E /* Debug */,
				1765F4A12181B75B00AF306E /* Release */,
			);
			defaultConfigurationIsVisible = 0;
			defaultConfigurationName = Release;
		};
/* End XCConfigurationList section */
	};
	rootObject = 1765F4832181B75A00AF306E /* Project object */;
}
